
Microsoft Visual Studio Solution File, Format Version 12.00
# Visual Studio Version 16
VisualStudioVersion = 16.0.30523.141
MinimumVisualStudioVersion = 10.0.40219.1
Project("{FAE04EC0-301F-11D3-BF4B-00C04F79EFBC}") = "Labb5", "Labb5\Labb5.csproj", "{BB99252D-7924-43E0-AC60-C54CE56FC399}"
EndProject
Global
	GlobalSection(SolutionConfigurationPlatforms) = preSolution
		Debug|Any CPU = Debug|Any CPU
		Release|Any CPU = Release|Any CPU
	EndGlobalSection
	GlobalSection(ProjectConfigurationPlatforms) = postSolution
		{BB99252D-7924-43E0-AC60-C54CE56FC399}.Debug|Any CPU.ActiveCfg = Debug|Any CPU
		{BB99252D-7924-43E0-AC60-C54CE56FC399}.Debug|Any CPU.Build.0 = Debug|Any CPU
		{BB99252D-7924-43E0-AC60-C54CE56FC399}.Release|Any CPU.ActiveCfg = Release|Any CPU
		{BB99252D-7924-43E0-AC60-C54CE56FC399}.Release|Any CPU.Build.0 = Release|Any CPU
	EndGlobalSection
	GlobalSection(SolutionProperties) = preSolution
		HideSolutionNode = FALSE
	EndGlobalSection
	GlobalSection(ExtensibilityGlobals) = postSolution
		SolutionGuid = {48186BB1-5E5B-4AE5-AFC8-A63E7E05FC92}
	EndGlobalSection
EndGlobal
